// !$*UTF8*$!
{
	archiveVersion = 1;
	classes = {
	};
	objectVersion = 50;
	objects = {

/* Begin PBXBuildFile section */
		1FC358A1260095F800E4D9C5 /* AppDelegate.swift in Sources */ = {isa = PBXBuildFile; fileRef = 1FC358A0260095F800E4D9C5 /* AppDelegate.swift */; };
		1FC358A3260095F800E4D9C5 /* SceneDelegate.swift in Sources */ = {isa = PBXBuildFile; fileRef = 1FC358A2260095F800E4D9C5 /* SceneDelegate.swift */; };
		1FC358A5260095F800E4D9C5 /* ViewController.swift in Sources */ = {isa = PBXBuildFile; fileRef = 1FC358A4260095F800E4D9C5 /* ViewController.swift */; };
		1FC358AA260095F800E4D9C5 /* Assets.xcassets in Resources */ = {isa = PBXBuildFile; fileRef = 1FC358A9260095F800E4D9C5 /* Assets.xcassets */; };
		1FC358AD260095F800E4D9C5 /* LaunchScreen.storyboard in Resources */ = {isa = PBXBuildFile; fileRef = 1FC358AB260095F800E4D9C5 /* LaunchScreen.storyboard */; };
		1FC358B8260095F900E4D9C5 /* Tinder_AppTests.swift in Sources */ = {isa = PBXBuildFile; fileRef = 1FC358B7260095F900E4D9C5 /* Tinder_AppTests.swift */; };
		1FC358C3260095F900E4D9C5 /* Tinder_AppUITests.swift in Sources */ = {isa = PBXBuildFile; fileRef = 1FC358C2260095F900E4D9C5 /* Tinder_AppUITests.swift */; };
		1FC358D52600990200E4D9C5 /* Exensions.swift in Sources */ = {isa = PBXBuildFile; fileRef = 1FC358D42600990200E4D9C5 /* Exensions.swift */; };
		1FC358E02600AF2B00E4D9C5 /* HomeClassStackView.swift in Sources */ = {isa = PBXBuildFile; fileRef = 1FC358DF2600AF2B00E4D9C5 /* HomeClassStackView.swift */; };
		1FC358E52600AF9D00E4D9C5 /* Assets.xcassets in Resources */ = {isa = PBXBuildFile; fileRef = 1FC358E42600AF9D00E4D9C5 /* Assets.xcassets */; };
		1FC358EA2600B24D00E4D9C5 /* TopInteractionStackView.swift in Sources */ = {isa = PBXBuildFile; fileRef = 1FC358E92600B24D00E4D9C5 /* TopInteractionStackView.swift */; };
/* End PBXBuildFile section */

/* Begin PBXContainerItemProxy section */
		1FC358B4260095F900E4D9C5 /* PBXContainerItemProxy */ = {
			isa = PBXContainerItemProxy;
			containerPortal = 1FC35895260095F800E4D9C5 /* Project object */;
			proxyType = 1;
			remoteGlobalIDString = 1FC3589C260095F800E4D9C5;
			remoteInfo = "Tinder App";
		};
		1FC358BF260095F900E4D9C5 /* PBXContainerItemProxy */ = {
			isa = PBXContainerItemProxy;
			containerPortal = 1FC35895260095F800E4D9C5 /* Project object */;
			proxyType = 1;
			remoteGlobalIDString = 1FC3589C260095F800E4D9C5;
			remoteInfo = "Tinder App";
		};
/* End PBXContainerItemProxy section */

/* Begin PBXFileReference section */
		1FC3589D260095F800E4D9C5 /* Tinder App.app */ = {isa = PBXFileReference; explicitFileType = wrapper.application; includeInIndex = 0; path = "Tinder App.app"; sourceTree = BUILT_PRODUCTS_DIR; };
		1FC358A0260095F800E4D9C5 /* AppDelegate.swift */ = {isa = PBXFileReference; lastKnownFileType = sourcecode.swift; path = AppDelegate.swift; sourceTree = "<group>"; };
		1FC358A2260095F800E4D9C5 /* SceneDelegate.swift */ = {isa = PBXFileReference; lastKnownFileType = sourcecode.swift; path = SceneDelegate.swift; sourceTree = "<group>"; };
		1FC358A4260095F800E4D9C5 /* ViewController.swift */ = {isa = PBXFileReference; lastKnownFileType = sourcecode.swift; path = ViewController.swift; sourceTree = "<group>"; };
		1FC358A9260095F800E4D9C5 /* Assets.xcassets */ = {isa = PBXFileReference; lastKnownFileType = folder.assetcatalog; path = Assets.xcassets; sourceTree = "<group>"; };
		1FC358AC260095F800E4D9C5 /* Base */ = {isa = PBXFileReference; lastKnownFileType = file.storyboard; name = Base; path = Base.lproj/LaunchScreen.storyboard; sourceTree = "<group>"; };
		1FC358AE260095F800E4D9C5 /* Info.plist */ = {isa = PBXFileReference; lastKnownFileType = text.plist.xml; path = Info.plist; sourceTree = "<group>"; };
		1FC358B3260095F900E4D9C5 /* Tinder AppTests.xctest */ = {isa = PBXFileReference; explicitFileType = wrapper.cfbundle; includeInIndex = 0; path = "Tinder AppTests.xctest"; sourceTree = BUILT_PRODUCTS_DIR; };
		1FC358B7260095F900E4D9C5 /* Tinder_AppTests.swift */ = {isa = PBXFileReference; lastKnownFileType = sourcecode.swift; path = Tinder_AppTests.swift; sourceTree = "<group>"; };
		1FC358B9260095F900E4D9C5 /* Info.plist */ = {isa = PBXFileReference; lastKnownFileType = text.plist.xml; path = Info.plist; sourceTree = "<group>"; };
		1FC358BE260095F900E4D9C5 /* Tinder AppUITests.xctest */ = {isa = PBXFileReference; explicitFileType = wrapper.cfbundle; includeInIndex = 0; path = "Tinder AppUITests.xctest"; sourceTree = BUILT_PRODUCTS_DIR; };
		1FC358C2260095F900E4D9C5 /* Tinder_AppUITests.swift */ = {isa = PBXFileReference; lastKnownFileType = sourcecode.swift; path = Tinder_AppUITests.swift; sourceTree = "<group>"; };
		1FC358C4260095F900E4D9C5 /* Info.plist */ = {isa = PBXFileReference; lastKnownFileType = text.plist.xml; path = Info.plist; sourceTree = "<group>"; };
		1FC358D42600990200E4D9C5 /* Exensions.swift */ = {isa = PBXFileReference; lastKnownFileType = sourcecode.swift; path = Exensions.swift; sourceTree = "<group>"; };
		1FC358DF2600AF2B00E4D9C5 /* HomeClassStackView.swift */ = {isa = PBXFileReference; lastKnownFileType = sourcecode.swift; path = HomeClassStackView.swift; sourceTree = "<group>"; };
		1FC358E42600AF9D00E4D9C5 /* Assets.xcassets */ = {isa = PBXFileReference; lastKnownFileType = folder.assetcatalog; name = Assets.xcassets; path = ../../../../../Downloads/Assets.xcassets; sourceTree = "<group>"; };
		1FC358E92600B24D00E4D9C5 /* TopInteractionStackView.swift */ = {isa = PBXFileReference; lastKnownFileType = sourcecode.swift; path = TopInteractionStackView.swift; sourceTree = "<group>"; };
/* End PBXFileReference section */

/* Begin PBXFrameworksBuildPhase section */
		1FC3589A260095F800E4D9C5 /* Frameworks */ = {
			isa = PBXFrameworksBuildPhase;
			buildActionMask = 2147483647;
			files = (
			);
			runOnlyForDeploymentPostprocessing = 0;
		};
		1FC358B0260095F900E4D9C5 /* Frameworks */ = {
			isa = PBXFrameworksBuildPhase;
			buildActionMask = 2147483647;
			files = (
			);
			runOnlyForDeploymentPostprocessing = 0;
		};
		1FC358BB260095F900E4D9C5 /* Frameworks */ = {
			isa = PBXFrameworksBuildPhase;
			buildActionMask = 2147483647;
			files = (
			);
			runOnlyForDeploymentPostprocessing = 0;
		};
/* End PBXFrameworksBuildPhase section */

/* Begin PBXGroup section */
		1FC35894260095F800E4D9C5 = {
			isa = PBXGroup;
			children = (
				1FC3589F260095F800E4D9C5 /* Tinder App */,
				1FC358B6260095F900E4D9C5 /* Tinder AppTests */,
				1FC358C1260095F900E4D9C5 /* Tinder AppUITests */,
				1FC3589E260095F800E4D9C5 /* Products */,
			);
			sourceTree = "<group>";
		};
		1FC3589E260095F800E4D9C5 /* Products */ = {
			isa = PBXGroup;
			children = (
				1FC3589D260095F800E4D9C5 /* Tinder App.app */,
				1FC358B3260095F900E4D9C5 /* Tinder AppTests.xctest */,
				1FC358BE260095F900E4D9C5 /* Tinder AppUITests.xctest */,
			);
			name = Products;
			sourceTree = "<group>";
		};
		1FC3589F260095F800E4D9C5 /* Tinder App */ = {
			isa = PBXGroup;
			children = (
				1FC358A0260095F800E4D9C5 /* AppDelegate.swift */,
				1FC358A2260095F800E4D9C5 /* SceneDelegate.swift */,
				1FC358D3260098EF00E4D9C5 /* Helper Files */,
				1FC358A4260095F800E4D9C5 /* ViewController.swift */,
				1FC358E92600B24D00E4D9C5 /* TopInteractionStackView.swift */,
				1FC358DF2600AF2B00E4D9C5 /* HomeClassStackView.swift */,
				1FC358A9260095F800E4D9C5 /* Assets.xcassets */,
				1FC358AB260095F800E4D9C5 /* LaunchScreen.storyboard */,
				1FC358AE260095F800E4D9C5 /* Info.plist */,
				1FC358E42600AF9D00E4D9C5 /* Assets.xcassets */,
			);
			path = "Tinder App";
			sourceTree = "<group>";
		};
		1FC358B6260095F900E4D9C5 /* Tinder AppTests */ = {
			isa = PBXGroup;
			children = (
				1FC358B7260095F900E4D9C5 /* Tinder_AppTests.swift */,
				1FC358B9260095F900E4D9C5 /* Info.plist */,
			);
			path = "Tinder AppTests";
			sourceTree = "<group>";
		};
		1FC358C1260095F900E4D9C5 /* Tinder AppUITests */ = {
			isa = PBXGroup;
			children = (
				1FC358C2260095F900E4D9C5 /* Tinder_AppUITests.swift */,
				1FC358C4260095F900E4D9C5 /* Info.plist */,
			);
			path = "Tinder AppUITests";
			sourceTree = "<group>";
		};
		1FC358D3260098EF00E4D9C5 /* Helper Files */ = {
			isa = PBXGroup;
			children = (
				1FC358D42600990200E4D9C5 /* Exensions.swift */,
			);
			path = "Helper Files";
			sourceTree = "<group>";
		};
/* End PBXGroup section */

/* Begin PBXNativeTarget section */
		1FC3589C260095F800E4D9C5 /* Tinder App */ = {
			isa = PBXNativeTarget;
			buildConfigurationList = 1FC358C7260095F900E4D9C5 /* Build configuration list for PBXNativeTarget "Tinder App" */;
			buildPhases = (
				1FC35899260095F800E4D9C5 /* Sources */,
				1FC3589A260095F800E4D9C5 /* Frameworks */,
				1FC3589B260095F800E4D9C5 /* Resources */,
			);
			buildRules = (
			);
			dependencies = (
			);
			name = "Tinder App";
			productName = "Tinder App";
			productReference = 1FC3589D260095F800E4D9C5 /* Tinder App.app */;
			productType = "com.apple.product-type.application";
		};
		1FC358B2260095F900E4D9C5 /* Tinder AppTests */ = {
			isa = PBXNativeTarget;
			buildConfigurationList = 1FC358CA260095F900E4D9C5 /* Build configuration list for PBXNativeTarget "Tinder AppTests" */;
			buildPhases = (
				1FC358AF260095F900E4D9C5 /* Sources */,
				1FC358B0260095F900E4D9C5 /* Frameworks */,
				1FC358B1260095F900E4D9C5 /* Resources */,
			);
			buildRules = (
			);
			dependencies = (
				1FC358B5260095F900E4D9C5 /* PBXTargetDependency */,
			);
			name = "Tinder AppTests";
			productName = "Tinder AppTests";
			productReference = 1FC358B3260095F900E4D9C5 /* Tinder AppTests.xctest */;
			productType = "com.apple.product-type.bundle.unit-test";
		};
		1FC358BD260095F900E4D9C5 /* Tinder AppUITests */ = {
			isa = PBXNativeTarget;
			buildConfigurationList = 1FC358CD260095F900E4D9C5 /* Build configuration list for PBXNativeTarget "Tinder AppUITests" */;
			buildPhases = (
				1FC358BA260095F900E4D9C5 /* Sources */,
				1FC358BB260095F900E4D9C5 /* Frameworks */,
				1FC358BC260095F900E4D9C5 /* Resources */,
			);
			buildRules = (
			);
			dependencies = (
				1FC358C0260095F900E4D9C5 /* PBXTargetDependency */,
			);
			name = "Tinder AppUITests";
			productName = "Tinder AppUITests";
			productReference = 1FC358BE260095F900E4D9C5 /* Tinder AppUITests.xctest */;
			productType = "com.apple.product-type.bundle.ui-testing";
		};
/* End PBXNativeTarget section */

/* Begin PBXProject section */
		1FC35895260095F800E4D9C5 /* Project object */ = {
			isa = PBXProject;
			attributes = {
				LastSwiftUpdateCheck = 1230;
				LastUpgradeCheck = 1230;
				TargetAttributes = {
					1FC3589C260095F800E4D9C5 = {
						CreatedOnToolsVersion = 12.3;
					};
					1FC358B2260095F900E4D9C5 = {
						CreatedOnToolsVersion = 12.3;
						TestTargetID = 1FC3589C260095F800E4D9C5;
					};
					1FC358BD260095F900E4D9C5 = {
						CreatedOnToolsVersion = 12.3;
						TestTargetID = 1FC3589C260095F800E4D9C5;
					};
				};
			};
			buildConfigurationList = 1FC35898260095F800E4D9C5 /* Build configuration list for PBXProject "Tinder App" */;
			compatibilityVersion = "Xcode 9.3";
			developmentRegion = en;
			hasScannedForEncodings = 0;
			knownRegions = (
				en,
				Base,
			);
			mainGroup = 1FC35894260095F800E4D9C5;
			productRefGroup = 1FC3589E260095F800E4D9C5 /* Products */;
			projectDirPath = "";
			projectRoot = "";
			targets = (
				1FC3589C260095F800E4D9C5 /* Tinder App */,
				1FC358B2260095F900E4D9C5 /* Tinder AppTests */,
				1FC358BD260095F900E4D9C5 /* Tinder AppUITests */,
			);
		};
/* End PBXProject section */

/* Begin PBXResourcesBuildPhase section */
		1FC3589B260095F800E4D9C5 /* Resources */ = {
			isa = PBXResourcesBuildPhase;
			buildActionMask = 2147483647;
			files = (
				1FC358AD260095F800E4D9C5 /* LaunchScreen.storyboard in Resources */,
				1FC358E52600AF9D00E4D9C5 /* Assets.xcassets in Resources */,
				1FC358AA260095F800E4D9C5 /* Assets.xcassets in Resources */,
			);
			runOnlyForDeploymentPostprocessing = 0;
		};
		1FC358B1260095F900E4D9C5 /* Resources */ = {
			isa = PBXResourcesBuildPhase;
			buildActionMask = 2147483647;
			files = (
			);
			runOnlyForDeploymentPostprocessing = 0;
		};
		1FC358BC260095F900E4D9C5 /* Resources */ = {
			isa = PBXResourcesBuildPhase;
			buildActionMask = 2147483647;
			files = (
			);
			runOnlyForDeploymentPostprocessing = 0;
		};
/* End PBXResourcesBuildPhase section */

/* Begin PBXSourcesBuildPhase section */
		1FC35899260095F800E4D9C5 /* Sources */ = {
			isa = PBXSourcesBuildPhase;
			buildActionMask = 2147483647;
			files = (
				1FC358EA2600B24D00E4D9C5 /* TopInteractionStackView.swift in Sources */,
				1FC358E02600AF2B00E4D9C5 /* HomeClassStackView.swift in Sources */,
				1FC358A5260095F800E4D9C5 /* ViewController.swift in Sources */,
				1FC358A1260095F800E4D9C5 /* AppDelegate.swift in Sources */,
				1FC358D52600990200E4D9C5 /* Exensions.swift in Sources */,
				1FC358A3260095F800E4D9C5 /* SceneDelegate.swift in Sources */,
			);
			runOnlyForDeploymentPostprocessing = 0;
		};
		1FC358AF260095F900E4D9C5 /* Sources */ = {
			isa = PBXSourcesBuildPhase;
			buildActionMask = 2147483647;
			files = (
				1FC358B8260095F900E4D9C5 /* Tinder_AppTests.swift in Sources */,
			);
			runOnlyForDeploymentPostprocessing = 0;
		};
		1FC358BA260095F900E4D9C5 /* Sources */ = {
			isa = PBXSourcesBuildPhase;
			buildActionMask = 2147483647;
			files = (
				1FC358C3260095F900E4D9C5 /* Tinder_AppUITests.swift in Sources */,
			);
			runOnlyForDeploymentPostprocessing = 0;
		};
/* End PBXSourcesBuildPhase section */

/* Begin PBXTargetDependency section */
		1FC358B5260095F900E4D9C5 /* PBXTargetDependency */ = {
			isa = PBXTargetDependency;
			target = 1FC3589C260095F800E4D9C5 /* Tinder App */;
			targetProxy = 1FC358B4260095F900E4D9C5 /* PBXContainerItemProxy */;
		};
		1FC358C0260095F900E4D9C5 /* PBXTargetDependency */ = {
			isa = PBXTargetDependency;
			target = 1FC3589C260095F800E4D9C5 /* Tinder App */;
			targetProxy = 1FC358BF260095F900E4D9C5 /* PBXContainerItemProxy */;
		};
/* End PBXTargetDependency section */

/* Begin PBXVariantGroup section */
		1FC358AB260095F800E4D9C5 /* LaunchScreen.storyboard */ = {
			isa = PBXVariantGroup;
			children = (
				1FC358AC260095F800E4D9C5 /* Base */,
			);
			name = LaunchScreen.storyboard;
			sourceTree = "<group>";
		};
/* End PBXVariantGroup section */

/* Begin XCBuildConfiguration section */
		1FC358C5260095F900E4D9C5 /* Debug */ = {
			isa = XCBuildConfiguration;
			buildSettings = {
				ALWAYS_SEARCH_USER_PATHS = NO;
				CLANG_ANALYZER_NONNULL = YES;
				CLANG_ANALYZER_NUMBER_OBJECT_CONVERSION = YES_AGGRESSIVE;
				CLANG_CXX_LANGUAGE_STANDARD = "gnu++14";
				CLANG_CXX_LIBRARY = "libc++";
				CLANG_ENABLE_MODULES = YES;
				CLANG_ENABLE_OBJC_ARC = YES;
				CLANG_ENABLE_OBJC_WEAK = YES;
				CLANG_WARN_BLOCK_CAPTURE_AUTORELEASING = YES;
				CLANG_WARN_BOOL_CONVERSION = YES;
				CLANG_WARN_COMMA = YES;
				CLANG_WARN_CONSTANT_CONVERSION = YES;
				CLANG_WARN_DEPRECATED_OBJC_IMPLEMENTATIONS = YES;
				CLANG_WARN_DIRECT_OBJC_ISA_USAGE = YES_ERROR;
				CLANG_WARN_DOCUMENTATION_COMMENTS = YES;
				CLANG_WARN_EMPTY_BODY = YES;
				CLANG_WARN_ENUM_CONVERSION = YES;
				CLANG_WARN_INFINITE_RECURSION = YES;
				CLANG_WARN_INT_CONVERSION = YES;
				CLANG_WARN_NON_LITERAL_NULL_CONVERSION = YES;
				CLANG_WARN_OBJC_IMPLICIT_RETAIN_SELF = YES;
				CLANG_WARN_OBJC_LITERAL_CONVERSION = YES;
				CLANG_WARN_OBJC_ROOT_CLASS = YES_ERROR;
				CLANG_WARN_QUOTED_INCLUDE_IN_FRAMEWORK_HEADER = YES;
				CLANG_WARN_RANGE_LOOP_ANALYSIS = YES;
				CLANG_WARN_STRICT_PROTOTYPES = YES;
				CLANG_WARN_SUSPICIOUS_MOVE = YES;
				CLANG_WARN_UNGUARDED_AVAILABILITY = YES_AGGRESSIVE;
				CLANG_WARN_UNREACHABLE_CODE = YES;
				CLANG_WARN__DUPLICATE_METHOD_MATCH = YES;
				COPY_PHASE_STRIP = NO;
				DEBUG_INFORMATION_FORMAT = dwarf;
				ENABLE_STRICT_OBJC_MSGSEND = YES;
				ENABLE_TESTABILITY = YES;
				GCC_C_LANGUAGE_STANDARD = gnu11;
				GCC_DYNAMIC_NO_PIC = NO;
				GCC_NO_COMMON_BLOCKS = YES;
				GCC_OPTIMIZATION_LEVEL = 0;
				GCC_PREPROCESSOR_DEFINITIONS = (
					"DEBUG=1",
					"$(inherited)",
				);
				GCC_WARN_64_TO_32_BIT_CONVERSION = YES;
				GCC_WARN_ABOUT_RETURN_TYPE = YES_ERROR;
				GCC_WARN_UNDECLARED_SELECTOR = YES;
				GCC_WARN_UNINITIALIZED_AUTOS = YES_AGGRESSIVE;
				GCC_WARN_UNUSED_FUNCTION = YES;
				GCC_WARN_UNUSED_VARIABLE = YES;
				IPHONEOS_DEPLOYMENT_TARGET = 14.3;
				MTL_ENABLE_DEBUG_INFO = INCLUDE_SOURCE;
				MTL_FAST_MATH = YES;
				ONLY_ACTIVE_ARCH = YES;
				SDKROOT = iphoneos;
				SWIFT_ACTIVE_COMPILATION_CONDITIONS = DEBUG;
				SWIFT_OPTIMIZATION_LEVEL = "-Onone";
			};
			name = Debug;
		};
		1FC358C6260095F900E4D9C5 /* Release */ = {
			isa = XCBuildConfiguration;
			buildSettings = {
				ALWAYS_SEARCH_USER_PATHS = NO;
				CLANG_ANALYZER_NONNULL = YES;
				CLANG_ANALYZER_NUMBER_OBJECT_CONVERSION = YES_AGGRESSIVE;
				CLANG_CXX_LANGUAGE_STANDARD = "gnu++14";
				CLANG_CXX_LIBRARY = "libc++";
				CLANG_ENABLE_MODULES = YES;
				CLANG_ENABLE_OBJC_ARC = YES;
				CLANG_ENABLE_OBJC_WEAK = YES;
				CLANG_WARN_BLOCK_CAPTURE_AUTORELEASING = YES;
				CLANG_WARN_BOOL_CONVERSION = YES;
				CLANG_WARN_COMMA = YES;
				CLANG_WARN_CONSTANT_CONVERSION = YES;
				CLANG_WARN_DEPRECATED_OBJC_IMPLEMENTATIONS = YES;
				CLANG_WARN_DIRECT_OBJC_ISA_USAGE = YES_ERROR;
				CLANG_WARN_DOCUMENTATION_COMMENTS = YES;
				CLANG_WARN_EMPTY_BODY = YES;
				CLANG_WARN_ENUM_CONVERSION = YES;
				CLANG_WARN_INFINITE_RECURSION = YES;
				CLANG_WARN_INT_CONVERSION = YES;
				CLANG_WARN_NON_LITERAL_NULL_CONVERSION = YES;
				CLANG_WARN_OBJC_IMPLICIT_RETAIN_SELF = YES;
				CLANG_WARN_OBJC_LITERAL_CONVERSION = YES;
				CLANG_WARN_OBJC_ROOT_CLASS = YES_ERROR;
				CLANG_WARN_QUOTED_INCLUDE_IN_FRAMEWORK_HEADER = YES;
				CLANG_WARN_RANGE_LOOP_ANALYSIS = YES;
				CLANG_WARN_STRICT_PROTOTYPES = YES;
				CLANG_WARN_SUSPICIOUS_MOVE = YES;
				CLANG_WARN_UNGUARDED_AVAILABILITY = YES_AGGRESSIVE;
				CLANG_WARN_UNREACHABLE_CODE = YES;
				CLANG_WARN__DUPLICATE_METHOD_MATCH = YES;
				COPY_PHASE_STRIP = NO;
				DEBUG_INFORMATION_FORMAT = "dwarf-with-dsym";
				ENABLE_NS_ASSERTIONS = NO;
				ENABLE_STRICT_OBJC_MSGSEND = YES;
				GCC_C_LANGUAGE_STANDARD = gnu11;
				GCC_NO_COMMON_BLOCKS = YES;
				GCC_WARN_64_TO_32_BIT_CONVERSION = YES;
				GCC_WARN_ABOUT_RETURN_TYPE = YES_ERROR;
				GCC_WARN_UNDECLARED_SELECTOR = YES;
				GCC_WARN_UNINITIALIZED_AUTOS = YES_AGGRESSIVE;
				GCC_WARN_UNUSED_FUNCTION = YES;
				GCC_WARN_UNUSED_VARIABLE = YES;
				IPHONEOS_DEPLOYMENT_TARGET = 14.3;
				MTL_ENABLE_DEBUG_INFO = NO;
				MTL_FAST_MATH = YES;
				SDKROOT = iphoneos;
				SWIFT_COMPILATION_MODE = wholemodule;
				SWIFT_OPTIMIZATION_LEVEL = "-O";
				VALIDATE_PRODUCT = YES;
			};
			name = Release;
		};
		1FC358C8260095F900E4D9C5 /* Debug */ = {
			isa = XCBuildConfiguration;
			buildSettings = {
				ASSETCATALOG_COMPILER_APPICON_NAME = AppIcon;
				ASSETCATALOG_COMPILER_GLOBAL_ACCENT_COLOR_NAME = AccentColor;
				CODE_SIGN_STYLE = Automatic;
				INFOPLIST_FILE = "Tinder App/Info.plist";
				LD_RUNPATH_SEARCH_PATHS = (
					"$(inherited)",
					"@executable_path/Frameworks",
				);
				PRODUCT_BUNDLE_IDENTIFIER = "com.principledKing.Tinder-App";
				PRODUCT_NAME = "$(TARGET_NAME)";
				SWIFT_VERSION = 5.0;
				TARGETED_DEVICE_FAMILY = "1,2";
			};
			name = Debug;
		};
		1FC358C9260095F900E4D9C5 /* Release */ = {
			isa = XCBuildConfiguration;
			buildSettings = {
				ASSETCATALOG_COMPILER_APPICON_NAME = AppIcon;
				ASSETCATALOG_COMPILER_GLOBAL_ACCENT_COLOR_NAME = AccentColor;
				CODE_SIGN_STYLE = Automatic;
				INFOPLIST_FILE = "Tinder App/Info.plist";
				LD_RUNPATH_SEARCH_PATHS = (
					"$(inherited)",
					"@executable_path/Frameworks",
				);
				PRODUCT_BUNDLE_IDENTIFIER = "com.principledKing.Tinder-App";
				PRODUCT_NAME = "$(TARGET_NAME)";
				SWIFT_VERSION = 5.0;
				TARGETED_DEVICE_FAMILY = "1,2";
			};
			name = Release;
		};
		1FC358CB260095F900E4D9C5 /* Debug */ = {
			isa = XCBuildConfiguration;
			buildSettings = {
				ALWAYS_EMBED_SWIFT_STANDARD_LIBRARIES = YES;
				BUNDLE_LOADER = "$(TEST_HOST)";
				CODE_SIGN_STYLE = Automatic;
				INFOPLIST_FILE = "Tinder AppTests/Info.plist";
				IPHONEOS_DEPLOYMENT_TARGET = 14.3;
				LD_RUNPATH_SEARCH_PATHS = (
					"$(inherited)",
					"@executable_path/Frameworks",
					"@loader_path/Frameworks",
				);
				PRODUCT_BUNDLE_IDENTIFIER = "com.principledKing.Tinder-AppTests";
				PRODUCT_NAME = "$(TARGET_NAME)";
				SWIFT_VERSION = 5.0;
				TARGETED_DEVICE_FAMILY = "1,2";
				TEST_HOST = "$(BUILT_PRODUCTS_DIR)/Tinder App.app/Tinder App";
			};
			name = Debug;
		};
		1FC358CC260095F900E4D9C5 /* Release */ = {
			isa = XCBuildConfiguration;
			buildSettings = {
				ALWAYS_EMBED_SWIFT_STANDARD_LIBRARIES = YES;
				BUNDLE_LOADER = "$(TEST_HOST)";
				CODE_SIGN_STYLE = Automatic;
				INFOPLIST_FILE = "Tinder AppTests/Info.plist";
				IPHONEOS_DEPLOYMENT_TARGET = 14.3;
				LD_RUNPATH_SEARCH_PATHS = (
					"$(inherited)",
					"@executable_path/Frameworks",
					"@loader_path/Frameworks",
				);
				PRODUCT_BUNDLE_IDENTIFIER = "com.principledKing.Tinder-AppTests";
				PRODUCT_NAME = "$(TARGET_NAME)";
				SWIFT_VERSION = 5.0;
				TARGETED_DEVICE_FAMILY = "1,2";
				TEST_HOST = "$(BUILT_PRODUCTS_DIR)/Tinder App.app/Tinder App";
			};
			name = Release;
		};
		1FC358CE260095F900E4D9C5 /* Debug */ = {
			isa = XCBuildConfiguration;
			buildSettings = {
				ALWAYS_EMBED_SWIFT_STANDARD_LIBRARIES = YES;
				CODE_SIGN_STYLE = Automatic;
				INFOPLIST_FILE = "Tinder AppUITests/Info.plist";
				LD_RUNPATH_SEARCH_PATHS = (
					"$(inherited)",
					"@executable_path/Frameworks",
					"@loader_path/Frameworks",
				);
				PRODUCT_BUNDLE_IDENTIFIER = "com.principledKing.Tinder-AppUITests";
				PRODUCT_NAME = "$(TARGET_NAME)";
				SWIFT_VERSION = 5.0;
				TARGETED_DEVICE_FAMILY = "1,2";
				TEST_TARGET_NAME = "Tinder App";
			};
			name = Debug;
		};
		1FC358CF260095F900E4D9C5 /* Release */ = {
			isa = XCBuildConfiguration;
			buildSettings = {
				ALWAYS_EMBED_SWIFT_STANDARD_LIBRARIES = YES;
				CODE_SIGN_STYLE = Automatic;
				INFOPLIST_FILE = "Tinder AppUITests/Info.plist";
				LD_RUNPATH_SEARCH_PATHS = (
					"$(inherited)",
					"@executable_path/Frameworks",
					"@loader_path/Frameworks",
				);
				PRODUCT_BUNDLE_IDENTIFIER = "com.principledKing.Tinder-AppUITests";
				PRODUCT_NAME = "$(TARGET_NAME)";
				SWIFT_VERSION = 5.0;
				TARGETED_DEVICE_FAMILY = "1,2";
				TEST_TARGET_NAME = "Tinder App";
			};
			name = Release;
		};
/* End XCBuildConfiguration section */

/* Begin XCConfigurationList section */
		1FC35898260095F800E4D9C5 /* Build configuration list for PBXProject "Tinder App" */ = {
			isa = XCConfigurationList;
			buildConfigurations = (
				1FC358C5260095F900E4D9C5 /* Debug */,
				1FC358C6260095F900E4D9C5 /* Release */,
			);
			defaultConfigurationIsVisible = 0;
			defaultConfigurationName = Release;
		};
		1FC358C7260095F900E4D9C5 /* Build configuration list for PBXNativeTarget "Tinder App" */ = {
			isa = XCConfigurationList;
			buildConfigurations = (
				1FC358C8260095F900E4D9C5 /* Debug */,
				1FC358C9260095F900E4D9C5 /* Release */,
			);
			defaultConfigurationIsVisible = 0;
			defaultConfigurationName = Release;
		};
		1FC358CA260095F900E4D9C5 /* Build configuration list for PBXNativeTarget "Tinder AppTests" */ = {
			isa = XCConfigurationList;
			buildConfigurations = (
				1FC358CB260095F900E4D9C5 /* Debug */,
				1FC358CC260095F900E4D9C5 /* Release */,
			);
			defaultConfigurationIsVisible = 0;
			defaultConfigurationName = Release;
		};
		1FC358CD260095F900E4D9C5 /* Build configuration list for PBXNativeTarget "Tinder AppUITests" */ = {
			isa = XCConfigurationList;
			buildConfigurations = (
				1FC358CE260095F900E4D9C5 /* Debug */,
				1FC358CF260095F900E4D9C5 /* Release */,
			);
			defaultConfigurationIsVisible = 0;
			defaultConfigurationName = Release;
		};
/* End XCConfigurationList section */
	};
	rootObject = 1FC35895260095F800E4D9C5 /* Project object */;
}
