// !$*UTF8*$!
{
	archiveVersion = 1;
	classes = {
	};
	objectVersion = 51;
	objects = {

/* Begin PBXBuildFile section */
		1F42A2A3262B377900853233 /* SettingsTableView.swift in Sources */ = {isa = PBXBuildFile; fileRef = 1F42A2A2262B377900853233 /* SettingsTableView.swift */; };
		1F42A2AB262B4E8200853233 /* FireBaseStorage.swift in Sources */ = {isa = PBXBuildFile; fileRef = 1F42A2AA262B4E8200853233 /* FireBaseStorage.swift */; };
		1F7B81392603319C0073A70E /* User.swift in Sources */ = {isa = PBXBuildFile; fileRef = 1F7B81382603319C0073A70E /* User.swift */; };
		1F7B8142260344BE0073A70E /* CardViewModel.swift in Sources */ = {isa = PBXBuildFile; fileRef = 1F7B8141260344BE0073A70E /* CardViewModel.swift */; };
		1F7B8152260348820073A70E /* AdvertiserViewModels.swift in Sources */ = {isa = PBXBuildFile; fileRef = 1F7B8151260348820073A70E /* AdvertiserViewModels.swift */; };
		1F7F90B1260E73CD00E2580D /* RegistrationController.swift in Sources */ = {isa = PBXBuildFile; fileRef = 1F7F90B0260E73CD00E2580D /* RegistrationController.swift */; };
		1F7F90BC260E754D00E2580D /* Assets.xcassets in Resources */ = {isa = PBXBuildFile; fileRef = 1F7F90BB260E754D00E2580D /* Assets.xcassets */; };
		1F81A1782615035900E1BA3D /* SettingsController.swift in Sources */ = {isa = PBXBuildFile; fileRef = 1F81A1772615035900E1BA3D /* SettingsController.swift */; };
		1F92D085260F19F8006F3805 /* UserDetailsField.swift in Sources */ = {isa = PBXBuildFile; fileRef = 1F92D084260F19F8006F3805 /* UserDetailsField.swift */; };
		1F92D097260F2D82006F3805 /* RegistrationViewModel.swift in Sources */ = {isa = PBXBuildFile; fileRef = 1F92D096260F2D82006F3805 /* RegistrationViewModel.swift */; };
		1F92D0D4260F429B006F3805 /* RegistrationPhotoPicker.swift in Sources */ = {isa = PBXBuildFile; fileRef = 1F92D0D3260F429B006F3805 /* RegistrationPhotoPicker.swift */; };
		1F92D122260F88C9006F3805 /* GoogleService-Info.plist in Resources */ = {isa = PBXBuildFile; fileRef = 1F92D121260F88C9006F3805 /* GoogleService-Info.plist */; };
		1F96B02C263443F0005E7C92 /* AgeRangeCell.swift in Sources */ = {isa = PBXBuildFile; fileRef = 1F96B02B263443F0005E7C92 /* AgeRangeCell.swift */; };
		1F96B0342634A520005E7C92 /* AgeConverter.swift in Sources */ = {isa = PBXBuildFile; fileRef = 1F96B0332634A520005E7C92 /* AgeConverter.swift */; };
		1F96B0882634AFBA005E7C92 /* HomeSettingsSaveRequests.swift in Sources */ = {isa = PBXBuildFile; fileRef = 1F96B0872634AFBA005E7C92 /* HomeSettingsSaveRequests.swift */; };
		1F96B0942634BFEA005E7C92 /* LoginController.swift in Sources */ = {isa = PBXBuildFile; fileRef = 1F96B0932634BFEA005E7C92 /* LoginController.swift */; };
		1F96B0992634C158005E7C92 /* LoginViewModel.swift in Sources */ = {isa = PBXBuildFile; fileRef = 1F96B0982634C158005E7C92 /* LoginViewModel.swift */; };
		1F96B228263D9CB4005E7C92 /* UserDetailsController.swift in Sources */ = {isa = PBXBuildFile; fileRef = 1F96B227263D9CB3005E7C92 /* UserDetailsController.swift */; };
		1FAD71472601E35C006A33EE /* SwipeablePhotoCardView.swift in Sources */ = {isa = PBXBuildFile; fileRef = 1FAD71462601E35C006A33EE /* SwipeablePhotoCardView.swift */; };
		1FC358A1260095F800E4D9C5 /* AppDelegate.swift in Sources */ = {isa = PBXBuildFile; fileRef = 1FC358A0260095F800E4D9C5 /* AppDelegate.swift */; };
		1FC358A3260095F800E4D9C5 /* SceneDelegate.swift in Sources */ = {isa = PBXBuildFile; fileRef = 1FC358A2260095F800E4D9C5 /* SceneDelegate.swift */; };
		1FC358A5260095F800E4D9C5 /* HomeController.swift in Sources */ = {isa = PBXBuildFile; fileRef = 1FC358A4260095F800E4D9C5 /* HomeController.swift */; };
		1FC358AD260095F800E4D9C5 /* LaunchScreen.storyboard in Resources */ = {isa = PBXBuildFile; fileRef = 1FC358AB260095F800E4D9C5 /* LaunchScreen.storyboard */; };
		1FC358B8260095F900E4D9C5 /* Tinder_AppTests.swift in Sources */ = {isa = PBXBuildFile; fileRef = 1FC358B7260095F900E4D9C5 /* Tinder_AppTests.swift */; };
		1FC358C3260095F900E4D9C5 /* Tinder_AppUITests.swift in Sources */ = {isa = PBXBuildFile; fileRef = 1FC358C2260095F900E4D9C5 /* Tinder_AppUITests.swift */; };
		1FC358D52600990200E4D9C5 /* Exensions.swift in Sources */ = {isa = PBXBuildFile; fileRef = 1FC358D42600990200E4D9C5 /* Exensions.swift */; };
		1FC358E02600AF2B00E4D9C5 /* HomeClassStackView.swift in Sources */ = {isa = PBXBuildFile; fileRef = 1FC358DF2600AF2B00E4D9C5 /* HomeClassStackView.swift */; };
		1FC358EA2600B24D00E4D9C5 /* TopInteractionStackView.swift in Sources */ = {isa = PBXBuildFile; fileRef = 1FC358E92600B24D00E4D9C5 /* TopInteractionStackView.swift */; };
		1FFFE39D26189BA100DD7290 /* SettingsHeaderView.swift in Sources */ = {isa = PBXBuildFile; fileRef = 1FFFE39C26189BA100DD7290 /* SettingsHeaderView.swift */; };
		1FFFE3A22618A30900DD7290 /* SettingsImagePicker.swift in Sources */ = {isa = PBXBuildFile; fileRef = 1FFFE3A12618A30900DD7290 /* SettingsImagePicker.swift */; };
		1FFFE3A72618ABF300DD7290 /* SettingsTextField.swift in Sources */ = {isa = PBXBuildFile; fileRef = 1FFFE3A62618ABF300DD7290 /* SettingsTextField.swift */; };
		1FFFE3B42618B10400DD7290 /* SettingsGroupHeaderLabel.swift in Sources */ = {isa = PBXBuildFile; fileRef = 1FFFE3B32618B10400DD7290 /* SettingsGroupHeaderLabel.swift */; };
		1FFFE3BC2618B5C200DD7290 /* SettingsViewCell.swift in Sources */ = {isa = PBXBuildFile; fileRef = 1FFFE3BB2618B5C200DD7290 /* SettingsViewCell.swift */; };
		B444D8EF485B815CB0C51434 /* Pods_Tinder_AppUITests.framework in Frameworks */ = {isa = PBXBuildFile; fileRef = FC23EFEAF4181D8073A2E936 /* Pods_Tinder_AppUITests.framework */; };
		DB6A0DEA4D28ECC9E3CD9917 /* Pods_Tinder_AppTests.framework in Frameworks */ = {isa = PBXBuildFile; fileRef = 2C20F93D4DAFC6A5A887107E /* Pods_Tinder_AppTests.framework */; };
		DEDCBFB91955A6DC788F5A73 /* Pods_Tinder_App.framework in Frameworks */ = {isa = PBXBuildFile; fileRef = 1C8CC179CE407FA18BB9CA4D /* Pods_Tinder_App.framework */; };
/* End PBXBuildFile section */

/* Begin PBXContainerItemProxy section */
		1FC358B4260095F900E4D9C5 /* PBXContainerItemProxy */ = {
			isa = PBXContainerItemProxy;
			containerPortal = 1FC35895260095F800E4D9C5 /* Project object */;
			proxyType = 1;
			remoteGlobalIDString = 1FC3589C260095F800E4D9C5;
			remoteInfo = "Tinder App";
		};
		1FC358BF260095F900E4D9C5 /* PBXContainerItemProxy */ = {
			isa = PBXContainerItemProxy;
			containerPortal = 1FC35895260095F800E4D9C5 /* Project object */;
			proxyType = 1;
			remoteGlobalIDString = 1FC3589C260095F800E4D9C5;
			remoteInfo = "Tinder App";
		};
/* End PBXContainerItemProxy section */

/* Begin PBXFileReference section */
		1C8CC179CE407FA18BB9CA4D /* Pods_Tinder_App.framework */ = {isa = PBXFileReference; explicitFileType = wrapper.framework; includeInIndex = 0; path = Pods_Tinder_App.framework; sourceTree = BUILT_PRODUCTS_DIR; };
		1F42A2A2262B377900853233 /* SettingsTableView.swift */ = {isa = PBXFileReference; lastKnownFileType = sourcecode.swift; path = SettingsTableView.swift; sourceTree = "<group>"; };
		1F42A2AA262B4E8200853233 /* FireBaseStorage.swift */ = {isa = PBXFileReference; lastKnownFileType = sourcecode.swift; path = FireBaseStorage.swift; sourceTree = "<group>"; };
		1F7B81382603319C0073A70E /* User.swift */ = {isa = PBXFileReference; lastKnownFileType = sourcecode.swift; path = User.swift; sourceTree = "<group>"; };
		1F7B8141260344BE0073A70E /* CardViewModel.swift */ = {isa = PBXFileReference; lastKnownFileType = sourcecode.swift; path = CardViewModel.swift; sourceTree = "<group>"; };
		1F7B8151260348820073A70E /* AdvertiserViewModels.swift */ = {isa = PBXFileReference; lastKnownFileType = sourcecode.swift; path = AdvertiserViewModels.swift; sourceTree = "<group>"; };
		1F7F90B0260E73CD00E2580D /* RegistrationController.swift */ = {isa = PBXFileReference; lastKnownFileType = sourcecode.swift; path = RegistrationController.swift; sourceTree = "<group>"; };
		1F7F90BB260E754D00E2580D /* Assets.xcassets */ = {isa = PBXFileReference; lastKnownFileType = folder.assetcatalog; path = Assets.xcassets; sourceTree = "<group>"; };
		1F81A1772615035900E1BA3D /* SettingsController.swift */ = {isa = PBXFileReference; lastKnownFileType = sourcecode.swift; path = SettingsController.swift; sourceTree = "<group>"; };
		1F92D084260F19F8006F3805 /* UserDetailsField.swift */ = {isa = PBXFileReference; lastKnownFileType = sourcecode.swift; path = UserDetailsField.swift; sourceTree = "<group>"; };
		1F92D096260F2D82006F3805 /* RegistrationViewModel.swift */ = {isa = PBXFileReference; lastKnownFileType = sourcecode.swift; path = RegistrationViewModel.swift; sourceTree = "<group>"; };
		1F92D0D3260F429B006F3805 /* RegistrationPhotoPicker.swift */ = {isa = PBXFileReference; lastKnownFileType = sourcecode.swift; path = RegistrationPhotoPicker.swift; sourceTree = "<group>"; };
		1F92D121260F88C9006F3805 /* GoogleService-Info.plist */ = {isa = PBXFileReference; fileEncoding = 4; lastKnownFileType = text.plist.xml; path = "GoogleService-Info.plist"; sourceTree = "<group>"; };
		1F96B02B263443F0005E7C92 /* AgeRangeCell.swift */ = {isa = PBXFileReference; lastKnownFileType = sourcecode.swift; path = AgeRangeCell.swift; sourceTree = "<group>"; };
		1F96B0332634A520005E7C92 /* AgeConverter.swift */ = {isa = PBXFileReference; lastKnownFileType = sourcecode.swift; path = AgeConverter.swift; sourceTree = "<group>"; };
		1F96B0872634AFBA005E7C92 /* HomeSettingsSaveRequests.swift */ = {isa = PBXFileReference; lastKnownFileType = sourcecode.swift; path = HomeSettingsSaveRequests.swift; sourceTree = "<group>"; };
		1F96B0932634BFEA005E7C92 /* LoginController.swift */ = {isa = PBXFileReference; lastKnownFileType = sourcecode.swift; path = LoginController.swift; sourceTree = "<group>"; };
		1F96B0982634C158005E7C92 /* LoginViewModel.swift */ = {isa = PBXFileReference; lastKnownFileType = sourcecode.swift; path = LoginViewModel.swift; sourceTree = "<group>"; };
		1F96B227263D9CB3005E7C92 /* UserDetailsController.swift */ = {isa = PBXFileReference; lastKnownFileType = sourcecode.swift; path = UserDetailsController.swift; sourceTree = "<group>"; };
		1FAD71462601E35C006A33EE /* SwipeablePhotoCardView.swift */ = {isa = PBXFileReference; lastKnownFileType = sourcecode.swift; path = SwipeablePhotoCardView.swift; sourceTree = "<group>"; };
		1FC3589D260095F800E4D9C5 /* Tinder App.app */ = {isa = PBXFileReference; explicitFileType = wrapper.application; includeInIndex = 0; path = "Tinder App.app"; sourceTree = BUILT_PRODUCTS_DIR; };
		1FC358A0260095F800E4D9C5 /* AppDelegate.swift */ = {isa = PBXFileReference; lastKnownFileType = sourcecode.swift; path = AppDelegate.swift; sourceTree = "<group>"; };
		1FC358A2260095F800E4D9C5 /* SceneDelegate.swift */ = {isa = PBXFileReference; lastKnownFileType = sourcecode.swift; path = SceneDelegate.swift; sourceTree = "<group>"; };
		1FC358A4260095F800E4D9C5 /* HomeController.swift */ = {isa = PBXFileReference; lastKnownFileType = sourcecode.swift; path = HomeController.swift; sourceTree = "<group>"; };
		1FC358AC260095F800E4D9C5 /* Base */ = {isa = PBXFileReference; lastKnownFileType = file.storyboard; name = Base; path = Base.lproj/LaunchScreen.storyboard; sourceTree = "<group>"; };
		1FC358AE260095F800E4D9C5 /* Info.plist */ = {isa = PBXFileReference; lastKnownFileType = text.plist.xml; path = Info.plist; sourceTree = "<group>"; };
		1FC358B3260095F900E4D9C5 /* Tinder AppTests.xctest */ = {isa = PBXFileReference; explicitFileType = wrapper.cfbundle; includeInIndex = 0; path = "Tinder AppTests.xctest"; sourceTree = BUILT_PRODUCTS_DIR; };
		1FC358B7260095F900E4D9C5 /* Tinder_AppTests.swift */ = {isa = PBXFileReference; lastKnownFileType = sourcecode.swift; path = Tinder_AppTests.swift; sourceTree = "<group>"; };
		1FC358B9260095F900E4D9C5 /* Info.plist */ = {isa = PBXFileReference; lastKnownFileType = text.plist.xml; path = Info.plist; sourceTree = "<group>"; };
		1FC358BE260095F900E4D9C5 /* Tinder AppUITests.xctest */ = {isa = PBXFileReference; explicitFileType = wrapper.cfbundle; includeInIndex = 0; path = "Tinder AppUITests.xctest"; sourceTree = BUILT_PRODUCTS_DIR; };
		1FC358C2260095F900E4D9C5 /* Tinder_AppUITests.swift */ = {isa = PBXFileReference; lastKnownFileType = sourcecode.swift; path = Tinder_AppUITests.swift; sourceTree = "<group>"; };
		1FC358C4260095F900E4D9C5 /* Info.plist */ = {isa = PBXFileReference; lastKnownFileType = text.plist.xml; path = Info.plist; sourceTree = "<group>"; };
		1FC358D42600990200E4D9C5 /* Exensions.swift */ = {isa = PBXFileReference; lastKnownFileType = sourcecode.swift; path = Exensions.swift; sourceTree = "<group>"; };
		1FC358DF2600AF2B00E4D9C5 /* HomeClassStackView.swift */ = {isa = PBXFileReference; lastKnownFileType = sourcecode.swift; path = HomeClassStackView.swift; sourceTree = "<group>"; };
		1FC358E92600B24D00E4D9C5 /* TopInteractionStackView.swift */ = {isa = PBXFileReference; lastKnownFileType = sourcecode.swift; path = TopInteractionStackView.swift; sourceTree = "<group>"; };
		1FFFE39C26189BA100DD7290 /* SettingsHeaderView.swift */ = {isa = PBXFileReference; lastKnownFileType = sourcecode.swift; path = SettingsHeaderView.swift; sourceTree = "<group>"; };
		1FFFE3A12618A30900DD7290 /* SettingsImagePicker.swift */ = {isa = PBXFileReference; lastKnownFileType = sourcecode.swift; path = SettingsImagePicker.swift; sourceTree = "<group>"; };
		1FFFE3A62618ABF300DD7290 /* SettingsTextField.swift */ = {isa = PBXFileReference; lastKnownFileType = sourcecode.swift; path = SettingsTextField.swift; sourceTree = "<group>"; };
		1FFFE3B32618B10400DD7290 /* SettingsGroupHeaderLabel.swift */ = {isa = PBXFileReference; lastKnownFileType = sourcecode.swift; path = SettingsGroupHeaderLabel.swift; sourceTree = "<group>"; };
		1FFFE3BB2618B5C200DD7290 /* SettingsViewCell.swift */ = {isa = PBXFileReference; lastKnownFileType = sourcecode.swift; path = SettingsViewCell.swift; sourceTree = "<group>"; };
		2C20F93D4DAFC6A5A887107E /* Pods_Tinder_AppTests.framework */ = {isa = PBXFileReference; explicitFileType = wrapper.framework; includeInIndex = 0; path = Pods_Tinder_AppTests.framework; sourceTree = BUILT_PRODUCTS_DIR; };
		48EA4487BC88CCD6744AAA4B /* Pods-Tinder AppTests.debug.xcconfig */ = {isa = PBXFileReference; includeInIndex = 1; lastKnownFileType = text.xcconfig; name = "Pods-Tinder AppTests.debug.xcconfig"; path = "Target Support Files/Pods-Tinder AppTests/Pods-Tinder AppTests.debug.xcconfig"; sourceTree = "<group>"; };
		4AC5B0F866885A8FD07B4719 /* Pods-Tinder AppUITests.debug.xcconfig */ = {isa = PBXFileReference; includeInIndex = 1; lastKnownFileType = text.xcconfig; name = "Pods-Tinder AppUITests.debug.xcconfig"; path = "Target Support Files/Pods-Tinder AppUITests/Pods-Tinder AppUITests.debug.xcconfig"; sourceTree = "<group>"; };
		4B314F0135ADF97BB5AC0778 /* Pods-Tinder AppTests.release.xcconfig */ = {isa = PBXFileReference; includeInIndex = 1; lastKnownFileType = text.xcconfig; name = "Pods-Tinder AppTests.release.xcconfig"; path = "Target Support Files/Pods-Tinder AppTests/Pods-Tinder AppTests.release.xcconfig"; sourceTree = "<group>"; };
		69F6C73E31D98E669CD26BF4 /* Pods-Tinder App.release.xcconfig */ = {isa = PBXFileReference; includeInIndex = 1; lastKnownFileType = text.xcconfig; name = "Pods-Tinder App.release.xcconfig"; path = "Target Support Files/Pods-Tinder App/Pods-Tinder App.release.xcconfig"; sourceTree = "<group>"; };
		B50468712591B306DC338F36 /* Pods-Tinder App.debug.xcconfig */ = {isa = PBXFileReference; includeInIndex = 1; lastKnownFileType = text.xcconfig; name = "Pods-Tinder App.debug.xcconfig"; path = "Target Support Files/Pods-Tinder App/Pods-Tinder App.debug.xcconfig"; sourceTree = "<group>"; };
		FC23EFEAF4181D8073A2E936 /* Pods_Tinder_AppUITests.framework */ = {isa = PBXFileReference; explicitFileType = wrapper.framework; includeInIndex = 0; path = Pods_Tinder_AppUITests.framework; sourceTree = BUILT_PRODUCTS_DIR; };
		FEEC0F15FD9B2E04C0029F3E /* Pods-Tinder AppUITests.release.xcconfig */ = {isa = PBXFileReference; includeInIndex = 1; lastKnownFileType = text.xcconfig; name = "Pods-Tinder AppUITests.release.xcconfig"; path = "Target Support Files/Pods-Tinder AppUITests/Pods-Tinder AppUITests.release.xcconfig"; sourceTree = "<group>"; };
/* End PBXFileReference section */

/* Begin PBXFrameworksBuildPhase section */
		1FC3589A260095F800E4D9C5 /* Frameworks */ = {
			isa = PBXFrameworksBuildPhase;
			buildActionMask = 2147483647;
			files = (
				DEDCBFB91955A6DC788F5A73 /* Pods_Tinder_App.framework in Frameworks */,
			);
			runOnlyForDeploymentPostprocessing = 0;
		};
		1FC358B0260095F900E4D9C5 /* Frameworks */ = {
			isa = PBXFrameworksBuildPhase;
			buildActionMask = 2147483647;
			files = (
				DB6A0DEA4D28ECC9E3CD9917 /* Pods_Tinder_AppTests.framework in Frameworks */,
			);
			runOnlyForDeploymentPostprocessing = 0;
		};
		1FC358BB260095F900E4D9C5 /* Frameworks */ = {
			isa = PBXFrameworksBuildPhase;
			buildActionMask = 2147483647;
			files = (
				B444D8EF485B815CB0C51434 /* Pods_Tinder_AppUITests.framework in Frameworks */,
			);
			runOnlyForDeploymentPostprocessing = 0;
		};
/* End PBXFrameworksBuildPhase section */

/* Begin PBXGroup section */
		1F7B813D260332050073A70E /* StackViews */ = {
			isa = PBXGroup;
			children = (
				1FC358E92600B24D00E4D9C5 /* TopInteractionStackView.swift */,
				1FC358DF2600AF2B00E4D9C5 /* HomeClassStackView.swift */,
			);
			path = StackViews;
			sourceTree = "<group>";
		};
		1F7B814C260347F30073A70E /* Controllers */ = {
			isa = PBXGroup;
			children = (
				1FFFE3C22618BD6200DD7290 /* Register */,
				1FFFE3C02618BD5600DD7290 /* Home */,
				1F81A1762615033900E1BA3D /* Settings */,
				1F96B226263D9C3E005E7C92 /* UserDetailsController */,
			);
			path = Controllers;
			sourceTree = "<group>";
		};
		1F7B81502603485A0073A70E /* ViewModels */ = {
			isa = PBXGroup;
			children = (
				1F7B81382603319C0073A70E /* User.swift */,
				1F7B8141260344BE0073A70E /* CardViewModel.swift */,
				1F7B8151260348820073A70E /* AdvertiserViewModels.swift */,
			);
			path = ViewModels;
			sourceTree = "<group>";
		};
		1F81A1762615033900E1BA3D /* Settings */ = {
			isa = PBXGroup;
			children = (
				1F81A1772615035900E1BA3D /* SettingsController.swift */,
				1FFFE39C26189BA100DD7290 /* SettingsHeaderView.swift */,
				1FFFE3A12618A30900DD7290 /* SettingsImagePicker.swift */,
				1FFFE3A62618ABF300DD7290 /* SettingsTextField.swift */,
				1FFFE3B32618B10400DD7290 /* SettingsGroupHeaderLabel.swift */,
				1FFFE3BB2618B5C200DD7290 /* SettingsViewCell.swift */,
				1F42A2A2262B377900853233 /* SettingsTableView.swift */,
				1F96B02B263443F0005E7C92 /* AgeRangeCell.swift */,
				1FFFE3C32618BD6E00DD7290 /* Login */,
			);
			path = Settings;
			sourceTree = "<group>";
		};
		1F92D0DE260F4696006F3805 /* Views */ = {
			isa = PBXGroup;
			children = (
				1FAD71462601E35C006A33EE /* SwipeablePhotoCardView.swift */,
			);
			path = Views;
			sourceTree = "<group>";
		};
		1F96B226263D9C3E005E7C92 /* UserDetailsController */ = {
			isa = PBXGroup;
			children = (
				1F96B227263D9CB3005E7C92 /* UserDetailsController.swift */,
			);
			path = UserDetailsController;
			sourceTree = "<group>";
		};
		1FC35894260095F800E4D9C5 = {
			isa = PBXGroup;
			children = (
				1FC3589F260095F800E4D9C5 /* Tinder App */,
				1FC358B6260095F900E4D9C5 /* Tinder AppTests */,
				1FC358C1260095F900E4D9C5 /* Tinder AppUITests */,
				1FC3589E260095F800E4D9C5 /* Products */,
				AB99E6569301FE0E12F83FC7 /* Pods */,
				5C853A92189794C72A0BDE45 /* Frameworks */,
			);
			sourceTree = "<group>";
		};
		1FC3589E260095F800E4D9C5 /* Products */ = {
			isa = PBXGroup;
			children = (
				1FC3589D260095F800E4D9C5 /* Tinder App.app */,
				1FC358B3260095F900E4D9C5 /* Tinder AppTests.xctest */,
				1FC358BE260095F900E4D9C5 /* Tinder AppUITests.xctest */,
			);
			name = Products;
			sourceTree = "<group>";
		};
		1FC3589F260095F800E4D9C5 /* Tinder App */ = {
			isa = PBXGroup;
			children = (
				1F92D0DE260F4696006F3805 /* Views */,
				1F7B81502603485A0073A70E /* ViewModels */,
				1F7B814C260347F30073A70E /* Controllers */,
				1F7B813D260332050073A70E /* StackViews */,
				1FC358D3260098EF00E4D9C5 /* Helper Files */,
				1FC358A0260095F800E4D9C5 /* AppDelegate.swift */,
				1FC358A2260095F800E4D9C5 /* SceneDelegate.swift */,
				1FC358AB260095F800E4D9C5 /* LaunchScreen.storyboard */,
				1FC358AE260095F800E4D9C5 /* Info.plist */,
				1F92D121260F88C9006F3805 /* GoogleService-Info.plist */,
				1F7F90BB260E754D00E2580D /* Assets.xcassets */,
			);
			path = "Tinder App";
			sourceTree = "<group>";
		};
		1FC358B6260095F900E4D9C5 /* Tinder AppTests */ = {
			isa = PBXGroup;
			children = (
				1FC358B7260095F900E4D9C5 /* Tinder_AppTests.swift */,
				1FC358B9260095F900E4D9C5 /* Info.plist */,
			);
			path = "Tinder AppTests";
			sourceTree = "<group>";
		};
		1FC358C1260095F900E4D9C5 /* Tinder AppUITests */ = {
			isa = PBXGroup;
			children = (
				1FC358C2260095F900E4D9C5 /* Tinder_AppUITests.swift */,
				1FC358C4260095F900E4D9C5 /* Info.plist */,
			);
			path = "Tinder AppUITests";
			sourceTree = "<group>";
		};
		1FC358D3260098EF00E4D9C5 /* Helper Files */ = {
			isa = PBXGroup;
			children = (
				1F92D084260F19F8006F3805 /* UserDetailsField.swift */,
				1FC358D42600990200E4D9C5 /* Exensions.swift */,
				1F42A2AA262B4E8200853233 /* FireBaseStorage.swift */,
				1F96B0332634A520005E7C92 /* AgeConverter.swift */,
			);
			path = "Helper Files";
			sourceTree = "<group>";
		};
		1FFFE3C02618BD5600DD7290 /* Home */ = {
			isa = PBXGroup;
			children = (
				1FC358A4260095F800E4D9C5 /* HomeController.swift */,
				1F96B0872634AFBA005E7C92 /* HomeSettingsSaveRequests.swift */,
			);
			path = Home;
			sourceTree = "<group>";
		};
		1FFFE3C22618BD6200DD7290 /* Register */ = {
			isa = PBXGroup;
			children = (
				1F92D0D3260F429B006F3805 /* RegistrationPhotoPicker.swift */,
				1F7F90B0260E73CD00E2580D /* RegistrationController.swift */,
				1F92D096260F2D82006F3805 /* RegistrationViewModel.swift */,
			);
			path = Register;
			sourceTree = "<group>";
		};
		1FFFE3C32618BD6E00DD7290 /* Login */ = {
			isa = PBXGroup;
			children = (
				1F96B0932634BFEA005E7C92 /* LoginController.swift */,
				1F96B0982634C158005E7C92 /* LoginViewModel.swift */,
			);
			path = Login;
			sourceTree = "<group>";
		};
		5C853A92189794C72A0BDE45 /* Frameworks */ = {
			isa = PBXGroup;
			children = (
				1C8CC179CE407FA18BB9CA4D /* Pods_Tinder_App.framework */,
				2C20F93D4DAFC6A5A887107E /* Pods_Tinder_AppTests.framework */,
				FC23EFEAF4181D8073A2E936 /* Pods_Tinder_AppUITests.framework */,
			);
			name = Frameworks;
			sourceTree = "<group>";
		};
		AB99E6569301FE0E12F83FC7 /* Pods */ = {
			isa = PBXGroup;
			children = (
				B50468712591B306DC338F36 /* Pods-Tinder App.debug.xcconfig */,
				69F6C73E31D98E669CD26BF4 /* Pods-Tinder App.release.xcconfig */,
				48EA4487BC88CCD6744AAA4B /* Pods-Tinder AppTests.debug.xcconfig */,
				4B314F0135ADF97BB5AC0778 /* Pods-Tinder AppTests.release.xcconfig */,
				4AC5B0F866885A8FD07B4719 /* Pods-Tinder AppUITests.debug.xcconfig */,
				FEEC0F15FD9B2E04C0029F3E /* Pods-Tinder AppUITests.release.xcconfig */,
			);
			path = Pods;
			sourceTree = "<group>";
		};
/* End PBXGroup section */

/* Begin PBXNativeTarget section */
		1FC3589C260095F800E4D9C5 /* Tinder App */ = {
			isa = PBXNativeTarget;
			buildConfigurationList = 1FC358C7260095F900E4D9C5 /* Build configuration list for PBXNativeTarget "Tinder App" */;
			buildPhases = (
				5BA600990B5FB3711794C3F5 /* [CP] Check Pods Manifest.lock */,
				1FC35899260095F800E4D9C5 /* Sources */,
				1FC3589A260095F800E4D9C5 /* Frameworks */,
				1FC3589B260095F800E4D9C5 /* Resources */,
				AC6E92D4E4B421F3BF2DBD7E /* [CP] Embed Pods Frameworks */,
			);
			buildRules = (
			);
			dependencies = (
			);
			name = "Tinder App";
			productName = "Tinder App";
			productReference = 1FC3589D260095F800E4D9C5 /* Tinder App.app */;
			productType = "com.apple.product-type.application";
		};
		1FC358B2260095F900E4D9C5 /* Tinder AppTests */ = {
			isa = PBXNativeTarget;
			buildConfigurationList = 1FC358CA260095F900E4D9C5 /* Build configuration list for PBXNativeTarget "Tinder AppTests" */;
			buildPhases = (
				AC17180CE92A2D96E920B36E /* [CP] Check Pods Manifest.lock */,
				1FC358AF260095F900E4D9C5 /* Sources */,
				1FC358B0260095F900E4D9C5 /* Frameworks */,
				1FC358B1260095F900E4D9C5 /* Resources */,
			);
			buildRules = (
			);
			dependencies = (
				1FC358B5260095F900E4D9C5 /* PBXTargetDependency */,
			);
			name = "Tinder AppTests";
			productName = "Tinder AppTests";
			productReference = 1FC358B3260095F900E4D9C5 /* Tinder AppTests.xctest */;
			productType = "com.apple.product-type.bundle.unit-test";
		};
		1FC358BD260095F900E4D9C5 /* Tinder AppUITests */ = {
			isa = PBXNativeTarget;
			buildConfigurationList = 1FC358CD260095F900E4D9C5 /* Build configuration list for PBXNativeTarget "Tinder AppUITests" */;
			buildPhases = (
				7A7768785F15009E042D1CDA /* [CP] Check Pods Manifest.lock */,
				1FC358BA260095F900E4D9C5 /* Sources */,
				1FC358BB260095F900E4D9C5 /* Frameworks */,
				1FC358BC260095F900E4D9C5 /* Resources */,
			);
			buildRules = (
			);
			dependencies = (
				1FC358C0260095F900E4D9C5 /* PBXTargetDependency */,
			);
			name = "Tinder AppUITests";
			productName = "Tinder AppUITests";
			productReference = 1FC358BE260095F900E4D9C5 /* Tinder AppUITests.xctest */;
			productType = "com.apple.product-type.bundle.ui-testing";
		};
/* End PBXNativeTarget section */

/* Begin PBXProject section */
		1FC35895260095F800E4D9C5 /* Project object */ = {
			isa = PBXProject;
			attributes = {
				LastSwiftUpdateCheck = 1230;
				LastUpgradeCheck = 1230;
				TargetAttributes = {
					1FC3589C260095F800E4D9C5 = {
						CreatedOnToolsVersion = 12.3;
					};
					1FC358B2260095F900E4D9C5 = {
						CreatedOnToolsVersion = 12.3;
						TestTargetID = 1FC3589C260095F800E4D9C5;
					};
					1FC358BD260095F900E4D9C5 = {
						CreatedOnToolsVersion = 12.3;
						TestTargetID = 1FC3589C260095F800E4D9C5;
					};
				};
			};
			buildConfigurationList = 1FC35898260095F800E4D9C5 /* Build configuration list for PBXProject "Tinder App" */;
			compatibilityVersion = "Xcode 9.3";
			developmentRegion = en;
			hasScannedForEncodings = 0;
			knownRegions = (
				en,
				Base,
			);
			mainGroup = 1FC35894260095F800E4D9C5;
			productRefGroup = 1FC3589E260095F800E4D9C5 /* Products */;
			projectDirPath = "";
			projectRoot = "";
			targets = (
				1FC3589C260095F800E4D9C5 /* Tinder App */,
				1FC358B2260095F900E4D9C5 /* Tinder AppTests */,
				1FC358BD260095F900E4D9C5 /* Tinder AppUITests */,
			);
		};
/* End PBXProject section */

/* Begin PBXResourcesBuildPhase section */
		1FC3589B260095F800E4D9C5 /* Resources */ = {
			isa = PBXResourcesBuildPhase;
			buildActionMask = 2147483647;
			files = (
				1FC358AD260095F800E4D9C5 /* LaunchScreen.storyboard in Resources */,
				1F7F90BC260E754D00E2580D /* Assets.xcassets in Resources */,
				1F92D122260F88C9006F3805 /* GoogleService-Info.plist in Resources */,
			);
			runOnlyForDeploymentPostprocessing = 0;
		};
		1FC358B1260095F900E4D9C5 /* Resources */ = {
			isa = PBXResourcesBuildPhase;
			buildActionMask = 2147483647;
			files = (
			);
			runOnlyForDeploymentPostprocessing = 0;
		};
		1FC358BC260095F900E4D9C5 /* Resources */ = {
			isa = PBXResourcesBuildPhase;
			buildActionMask = 2147483647;
			files = (
			);
			runOnlyForDeploymentPostprocessing = 0;
		};
/* End PBXResourcesBuildPhase section */

/* Begin PBXShellScriptBuildPhase section */
		5BA600990B5FB3711794C3F5 /* [CP] Check Pods Manifest.lock */ = {
			isa = PBXShellScriptBuildPhase;
			buildActionMask = 2147483647;
			files = (
			);
			inputFileListPaths = (
			);
			inputPaths = (
				"${PODS_PODFILE_DIR_PATH}/Podfile.lock",
				"${PODS_ROOT}/Manifest.lock",
			);
			name = "[CP] Check Pods Manifest.lock";
			outputFileListPaths = (
			);
			outputPaths = (
				"$(DERIVED_FILE_DIR)/Pods-Tinder App-checkManifestLockResult.txt",
			);
			runOnlyForDeploymentPostprocessing = 0;
			shellPath = /bin/sh;
			shellScript = "diff \"${PODS_PODFILE_DIR_PATH}/Podfile.lock\" \"${PODS_ROOT}/Manifest.lock\" > /dev/null\nif [ $? != 0 ] ; then\n    # print error to STDERR\n    echo \"error: The sandbox is not in sync with the Podfile.lock. Run 'pod install' or update your CocoaPods installation.\" >&2\n    exit 1\nfi\n# This output is used by Xcode 'outputs' to avoid re-running this script phase.\necho \"SUCCESS\" > \"${SCRIPT_OUTPUT_FILE_0}\"\n";
			showEnvVarsInLog = 0;
		};
		7A7768785F15009E042D1CDA /* [CP] Check Pods Manifest.lock */ = {
			isa = PBXShellScriptBuildPhase;
			buildActionMask = 2147483647;
			files = (
			);
			inputFileListPaths = (
			);
			inputPaths = (
				"${PODS_PODFILE_DIR_PATH}/Podfile.lock",
				"${PODS_ROOT}/Manifest.lock",
			);
			name = "[CP] Check Pods Manifest.lock";
			outputFileListPaths = (
			);
			outputPaths = (
				"$(DERIVED_FILE_DIR)/Pods-Tinder AppUITests-checkManifestLockResult.txt",
			);
			runOnlyForDeploymentPostprocessing = 0;
			shellPath = /bin/sh;
			shellScript = "diff \"${PODS_PODFILE_DIR_PATH}/Podfile.lock\" \"${PODS_ROOT}/Manifest.lock\" > /dev/null\nif [ $? != 0 ] ; then\n    # print error to STDERR\n    echo \"error: The sandbox is not in sync with the Podfile.lock. Run 'pod install' or update your CocoaPods installation.\" >&2\n    exit 1\nfi\n# This output is used by Xcode 'outputs' to avoid re-running this script phase.\necho \"SUCCESS\" > \"${SCRIPT_OUTPUT_FILE_0}\"\n";
			showEnvVarsInLog = 0;
		};
		AC17180CE92A2D96E920B36E /* [CP] Check Pods Manifest.lock */ = {
			isa = PBXShellScriptBuildPhase;
			buildActionMask = 2147483647;
			files = (
			);
			inputFileListPaths = (
			);
			inputPaths = (
				"${PODS_PODFILE_DIR_PATH}/Podfile.lock",
				"${PODS_ROOT}/Manifest.lock",
			);
			name = "[CP] Check Pods Manifest.lock";
			outputFileListPaths = (
			);
			outputPaths = (
				"$(DERIVED_FILE_DIR)/Pods-Tinder AppTests-checkManifestLockResult.txt",
			);
			runOnlyForDeploymentPostprocessing = 0;
			shellPath = /bin/sh;
			shellScript = "diff \"${PODS_PODFILE_DIR_PATH}/Podfile.lock\" \"${PODS_ROOT}/Manifest.lock\" > /dev/null\nif [ $? != 0 ] ; then\n    # print error to STDERR\n    echo \"error: The sandbox is not in sync with the Podfile.lock. Run 'pod install' or update your CocoaPods installation.\" >&2\n    exit 1\nfi\n# This output is used by Xcode 'outputs' to avoid re-running this script phase.\necho \"SUCCESS\" > \"${SCRIPT_OUTPUT_FILE_0}\"\n";
			showEnvVarsInLog = 0;
		};
		AC6E92D4E4B421F3BF2DBD7E /* [CP] Embed Pods Frameworks */ = {
			isa = PBXShellScriptBuildPhase;
			buildActionMask = 2147483647;
			files = (
			);
			inputFileListPaths = (
				"${PODS_ROOT}/Target Support Files/Pods-Tinder App/Pods-Tinder App-frameworks-${CONFIGURATION}-input-files.xcfilelist",
			);
			name = "[CP] Embed Pods Frameworks";
			outputFileListPaths = (
				"${PODS_ROOT}/Target Support Files/Pods-Tinder App/Pods-Tinder App-frameworks-${CONFIGURATION}-output-files.xcfilelist",
			);
			runOnlyForDeploymentPostprocessing = 0;
			shellPath = /bin/sh;
			shellScript = "\"${PODS_ROOT}/Target Support Files/Pods-Tinder App/Pods-Tinder App-frameworks.sh\"\n";
			showEnvVarsInLog = 0;
		};
/* End PBXShellScriptBuildPhase section */

/* Begin PBXSourcesBuildPhase section */
		1FC35899260095F800E4D9C5 /* Sources */ = {
			isa = PBXSourcesBuildPhase;
			buildActionMask = 2147483647;
			files = (
				1FFFE3A72618ABF300DD7290 /* SettingsTextField.swift in Sources */,
				1FC358EA2600B24D00E4D9C5 /* TopInteractionStackView.swift in Sources */,
				1FC358E02600AF2B00E4D9C5 /* HomeClassStackView.swift in Sources */,
				1FC358A5260095F800E4D9C5 /* HomeController.swift in Sources */,
				1FC358A1260095F800E4D9C5 /* AppDelegate.swift in Sources */,
				1FFFE3BC2618B5C200DD7290 /* SettingsViewCell.swift in Sources */,
				1F7B81392603319C0073A70E /* User.swift in Sources */,
				1F96B228263D9CB4005E7C92 /* UserDetailsController.swift in Sources */,
				1F7F90B1260E73CD00E2580D /* RegistrationController.swift in Sources */,
				1F81A1782615035900E1BA3D /* SettingsController.swift in Sources */,
				1F96B0882634AFBA005E7C92 /* HomeSettingsSaveRequests.swift in Sources */,
				1FC358D52600990200E4D9C5 /* Exensions.swift in Sources */,
				1F96B0342634A520005E7C92 /* AgeConverter.swift in Sources */,
				1F42A2AB262B4E8200853233 /* FireBaseStorage.swift in Sources */,
				1FFFE3A22618A30900DD7290 /* SettingsImagePicker.swift in Sources */,
				1FFFE39D26189BA100DD7290 /* SettingsHeaderView.swift in Sources */,
				1F92D085260F19F8006F3805 /* UserDetailsField.swift in Sources */,
				1F42A2A3262B377900853233 /* SettingsTableView.swift in Sources */,
				1F96B02C263443F0005E7C92 /* AgeRangeCell.swift in Sources */,
				1F7B8142260344BE0073A70E /* CardViewModel.swift in Sources */,
				1F92D0D4260F429B006F3805 /* RegistrationPhotoPicker.swift in Sources */,
				1F7B8152260348820073A70E /* AdvertiserViewModels.swift in Sources */,
				1F92D097260F2D82006F3805 /* RegistrationViewModel.swift in Sources */,
				1F96B0992634C158005E7C92 /* LoginViewModel.swift in Sources */,
				1FC358A3260095F800E4D9C5 /* SceneDelegate.swift in Sources */,
				1FAD71472601E35C006A33EE /* SwipeablePhotoCardView.swift in Sources */,
				1F96B0942634BFEA005E7C92 /* LoginController.swift in Sources */,
				1FFFE3B42618B10400DD7290 /* SettingsGroupHeaderLabel.swift in Sources */,
			);
			runOnlyForDeploymentPostprocessing = 0;
		};
		1FC358AF260095F900E4D9C5 /* Sources */ = {
			isa = PBXSourcesBuildPhase;
			buildActionMask = 2147483647;
			files = (
				1FC358B8260095F900E4D9C5 /* Tinder_AppTests.swift in Sources */,
			);
			runOnlyForDeploymentPostprocessing = 0;
		};
		1FC358BA260095F900E4D9C5 /* Sources */ = {
			isa = PBXSourcesBuildPhase;
			buildActionMask = 2147483647;
			files = (
				1FC358C3260095F900E4D9C5 /* Tinder_AppUITests.swift in Sources */,
			);
			runOnlyForDeploymentPostprocessing = 0;
		};
/* End PBXSourcesBuildPhase section */

/* Begin PBXTargetDependency section */
		1FC358B5260095F900E4D9C5 /* PBXTargetDependency */ = {
			isa = PBXTargetDependency;
			target = 1FC3589C260095F800E4D9C5 /* Tinder App */;
			targetProxy = 1FC358B4260095F900E4D9C5 /* PBXContainerItemProxy */;
		};
		1FC358C0260095F900E4D9C5 /* PBXTargetDependency */ = {
			isa = PBXTargetDependency;
			target = 1FC3589C260095F800E4D9C5 /* Tinder App */;
			targetProxy = 1FC358BF260095F900E4D9C5 /* PBXContainerItemProxy */;
		};
/* End PBXTargetDependency section */

/* Begin PBXVariantGroup section */
		1FC358AB260095F800E4D9C5 /* LaunchScreen.storyboard */ = {
			isa = PBXVariantGroup;
			children = (
				1FC358AC260095F800E4D9C5 /* Base */,
			);
			name = LaunchScreen.storyboard;
			sourceTree = "<group>";
		};
/* End PBXVariantGroup section */

/* Begin XCBuildConfiguration section */
		1FC358C5260095F900E4D9C5 /* Debug */ = {
			isa = XCBuildConfiguration;
			buildSettings = {
				ALWAYS_SEARCH_USER_PATHS = NO;
				CLANG_ANALYZER_NONNULL = YES;
				CLANG_ANALYZER_NUMBER_OBJECT_CONVERSION = YES_AGGRESSIVE;
				CLANG_CXX_LANGUAGE_STANDARD = "gnu++14";
				CLANG_CXX_LIBRARY = "libc++";
				CLANG_ENABLE_MODULES = YES;
				CLANG_ENABLE_OBJC_ARC = YES;
				CLANG_ENABLE_OBJC_WEAK = YES;
				CLANG_WARN_BLOCK_CAPTURE_AUTORELEASING = YES;
				CLANG_WARN_BOOL_CONVERSION = YES;
				CLANG_WARN_COMMA = YES;
				CLANG_WARN_CONSTANT_CONVERSION = YES;
				CLANG_WARN_DEPRECATED_OBJC_IMPLEMENTATIONS = YES;
				CLANG_WARN_DIRECT_OBJC_ISA_USAGE = YES_ERROR;
				CLANG_WARN_DOCUMENTATION_COMMENTS = YES;
				CLANG_WARN_EMPTY_BODY = YES;
				CLANG_WARN_ENUM_CONVERSION = YES;
				CLANG_WARN_INFINITE_RECURSION = YES;
				CLANG_WARN_INT_CONVERSION = YES;
				CLANG_WARN_NON_LITERAL_NULL_CONVERSION = YES;
				CLANG_WARN_OBJC_IMPLICIT_RETAIN_SELF = YES;
				CLANG_WARN_OBJC_LITERAL_CONVERSION = YES;
				CLANG_WARN_OBJC_ROOT_CLASS = YES_ERROR;
				CLANG_WARN_QUOTED_INCLUDE_IN_FRAMEWORK_HEADER = YES;
				CLANG_WARN_RANGE_LOOP_ANALYSIS = YES;
				CLANG_WARN_STRICT_PROTOTYPES = YES;
				CLANG_WARN_SUSPICIOUS_MOVE = YES;
				CLANG_WARN_UNGUARDED_AVAILABILITY = YES_AGGRESSIVE;
				CLANG_WARN_UNREACHABLE_CODE = YES;
				CLANG_WARN__DUPLICATE_METHOD_MATCH = YES;
				COPY_PHASE_STRIP = NO;
				DEBUG_INFORMATION_FORMAT = dwarf;
				ENABLE_STRICT_OBJC_MSGSEND = YES;
				ENABLE_TESTABILITY = YES;
				GCC_C_LANGUAGE_STANDARD = gnu11;
				GCC_DYNAMIC_NO_PIC = NO;
				GCC_NO_COMMON_BLOCKS = YES;
				GCC_OPTIMIZATION_LEVEL = 0;
				GCC_PREPROCESSOR_DEFINITIONS = (
					"DEBUG=1",
					"$(inherited)",
				);
				GCC_WARN_64_TO_32_BIT_CONVERSION = YES;
				GCC_WARN_ABOUT_RETURN_TYPE = YES_ERROR;
				GCC_WARN_UNDECLARED_SELECTOR = YES;
				GCC_WARN_UNINITIALIZED_AUTOS = YES_AGGRESSIVE;
				GCC_WARN_UNUSED_FUNCTION = YES;
				GCC_WARN_UNUSED_VARIABLE = YES;
				IPHONEOS_DEPLOYMENT_TARGET = 14.3;
				MTL_ENABLE_DEBUG_INFO = INCLUDE_SOURCE;
				MTL_FAST_MATH = YES;
				ONLY_ACTIVE_ARCH = YES;
				SDKROOT = iphoneos;
				SWIFT_ACTIVE_COMPILATION_CONDITIONS = DEBUG;
				SWIFT_OPTIMIZATION_LEVEL = "-Onone";
			};
			name = Debug;
		};
		1FC358C6260095F900E4D9C5 /* Release */ = {
			isa = XCBuildConfiguration;
			buildSettings = {
				ALWAYS_SEARCH_USER_PATHS = NO;
				CLANG_ANALYZER_NONNULL = YES;
				CLANG_ANALYZER_NUMBER_OBJECT_CONVERSION = YES_AGGRESSIVE;
				CLANG_CXX_LANGUAGE_STANDARD = "gnu++14";
				CLANG_CXX_LIBRARY = "libc++";
				CLANG_ENABLE_MODULES = YES;
				CLANG_ENABLE_OBJC_ARC = YES;
				CLANG_ENABLE_OBJC_WEAK = YES;
				CLANG_WARN_BLOCK_CAPTURE_AUTORELEASING = YES;
				CLANG_WARN_BOOL_CONVERSION = YES;
				CLANG_WARN_COMMA = YES;
				CLANG_WARN_CONSTANT_CONVERSION = YES;
				CLANG_WARN_DEPRECATED_OBJC_IMPLEMENTATIONS = YES;
				CLANG_WARN_DIRECT_OBJC_ISA_USAGE = YES_ERROR;
				CLANG_WARN_DOCUMENTATION_COMMENTS = YES;
				CLANG_WARN_EMPTY_BODY = YES;
				CLANG_WARN_ENUM_CONVERSION = YES;
				CLANG_WARN_INFINITE_RECURSION = YES;
				CLANG_WARN_INT_CONVERSION = YES;
				CLANG_WARN_NON_LITERAL_NULL_CONVERSION = YES;
				CLANG_WARN_OBJC_IMPLICIT_RETAIN_SELF = YES;
				CLANG_WARN_OBJC_LITERAL_CONVERSION = YES;
				CLANG_WARN_OBJC_ROOT_CLASS = YES_ERROR;
				CLANG_WARN_QUOTED_INCLUDE_IN_FRAMEWORK_HEADER = YES;
				CLANG_WARN_RANGE_LOOP_ANALYSIS = YES;
				CLANG_WARN_STRICT_PROTOTYPES = YES;
				CLANG_WARN_SUSPICIOUS_MOVE = YES;
				CLANG_WARN_UNGUARDED_AVAILABILITY = YES_AGGRESSIVE;
				CLANG_WARN_UNREACHABLE_CODE = YES;
				CLANG_WARN__DUPLICATE_METHOD_MATCH = YES;
				COPY_PHASE_STRIP = NO;
				DEBUG_INFORMATION_FORMAT = "dwarf-with-dsym";
				ENABLE_NS_ASSERTIONS = NO;
				ENABLE_STRICT_OBJC_MSGSEND = YES;
				GCC_C_LANGUAGE_STANDARD = gnu11;
				GCC_NO_COMMON_BLOCKS = YES;
				GCC_WARN_64_TO_32_BIT_CONVERSION = YES;
				GCC_WARN_ABOUT_RETURN_TYPE = YES_ERROR;
				GCC_WARN_UNDECLARED_SELECTOR = YES;
				GCC_WARN_UNINITIALIZED_AUTOS = YES_AGGRESSIVE;
				GCC_WARN_UNUSED_FUNCTION = YES;
				GCC_WARN_UNUSED_VARIABLE = YES;
				IPHONEOS_DEPLOYMENT_TARGET = 14.3;
				MTL_ENABLE_DEBUG_INFO = NO;
				MTL_FAST_MATH = YES;
				SDKROOT = iphoneos;
				SWIFT_COMPILATION_MODE = wholemodule;
				SWIFT_OPTIMIZATION_LEVEL = "-O";
				VALIDATE_PRODUCT = YES;
			};
			name = Release;
		};
		1FC358C8260095F900E4D9C5 /* Debug */ = {
			isa = XCBuildConfiguration;
			baseConfigurationReference = B50468712591B306DC338F36 /* Pods-Tinder App.debug.xcconfig */;
			buildSettings = {
				ASSETCATALOG_COMPILER_APPICON_NAME = AppIcon;
				ASSETCATALOG_COMPILER_GLOBAL_ACCENT_COLOR_NAME = AccentColor;
				CODE_SIGN_STYLE = Automatic;
				DEVELOPMENT_TEAM = UKVXB7RK5W;
				INFOPLIST_FILE = "Tinder App/Info.plist";
				LD_RUNPATH_SEARCH_PATHS = (
					"$(inherited)",
					"@executable_path/Frameworks",
				);
				PRODUCT_BUNDLE_IDENTIFIER = "com.principledKing.Tinder-App";
				PRODUCT_NAME = "$(TARGET_NAME)";
				SWIFT_VERSION = 5.0;
				TARGETED_DEVICE_FAMILY = "1,2";
			};
			name = Debug;
		};
		1FC358C9260095F900E4D9C5 /* Release */ = {
			isa = XCBuildConfiguration;
			baseConfigurationReference = 69F6C73E31D98E669CD26BF4 /* Pods-Tinder App.release.xcconfig */;
			buildSettings = {
				ASSETCATALOG_COMPILER_APPICON_NAME = AppIcon;
				ASSETCATALOG_COMPILER_GLOBAL_ACCENT_COLOR_NAME = AccentColor;
				CODE_SIGN_STYLE = Automatic;
				DEVELOPMENT_TEAM = UKVXB7RK5W;
				INFOPLIST_FILE = "Tinder App/Info.plist";
				LD_RUNPATH_SEARCH_PATHS = (
					"$(inherited)",
					"@executable_path/Frameworks",
				);
				PRODUCT_BUNDLE_IDENTIFIER = "com.principledKing.Tinder-App";
				PRODUCT_NAME = "$(TARGET_NAME)";
				SWIFT_VERSION = 5.0;
				TARGETED_DEVICE_FAMILY = "1,2";
			};
			name = Release;
		};
		1FC358CB260095F900E4D9C5 /* Debug */ = {
			isa = XCBuildConfiguration;
			baseConfigurationReference = 48EA4487BC88CCD6744AAA4B /* Pods-Tinder AppTests.debug.xcconfig */;
			buildSettings = {
				ALWAYS_EMBED_SWIFT_STANDARD_LIBRARIES = YES;
				BUNDLE_LOADER = "$(TEST_HOST)";
				CODE_SIGN_STYLE = Automatic;
				INFOPLIST_FILE = "Tinder AppTests/Info.plist";
				IPHONEOS_DEPLOYMENT_TARGET = 14.3;
				LD_RUNPATH_SEARCH_PATHS = (
					"$(inherited)",
					"@executable_path/Frameworks",
					"@loader_path/Frameworks",
				);
				PRODUCT_BUNDLE_IDENTIFIER = "com.principledKing.Tinder-AppTests";
				PRODUCT_NAME = "$(TARGET_NAME)";
				SWIFT_VERSION = 5.0;
				TARGETED_DEVICE_FAMILY = "1,2";
				TEST_HOST = "$(BUILT_PRODUCTS_DIR)/Tinder App.app/Tinder App";
			};
			name = Debug;
		};
		1FC358CC260095F900E4D9C5 /* Release */ = {
			isa = XCBuildConfiguration;
			baseConfigurationReference = 4B314F0135ADF97BB5AC0778 /* Pods-Tinder AppTests.release.xcconfig */;
			buildSettings = {
				ALWAYS_EMBED_SWIFT_STANDARD_LIBRARIES = YES;
				BUNDLE_LOADER = "$(TEST_HOST)";
				CODE_SIGN_STYLE = Automatic;
				INFOPLIST_FILE = "Tinder AppTests/Info.plist";
				IPHONEOS_DEPLOYMENT_TARGET = 14.3;
				LD_RUNPATH_SEARCH_PATHS = (
					"$(inherited)",
					"@executable_path/Frameworks",
					"@loader_path/Frameworks",
				);
				PRODUCT_BUNDLE_IDENTIFIER = "com.principledKing.Tinder-AppTests";
				PRODUCT_NAME = "$(TARGET_NAME)";
				SWIFT_VERSION = 5.0;
				TARGETED_DEVICE_FAMILY = "1,2";
				TEST_HOST = "$(BUILT_PRODUCTS_DIR)/Tinder App.app/Tinder App";
			};
			name = Release;
		};
		1FC358CE260095F900E4D9C5 /* Debug */ = {
			isa = XCBuildConfiguration;
			baseConfigurationReference = 4AC5B0F866885A8FD07B4719 /* Pods-Tinder AppUITests.debug.xcconfig */;
			buildSettings = {
				ALWAYS_EMBED_SWIFT_STANDARD_LIBRARIES = YES;
				CODE_SIGN_STYLE = Automatic;
				INFOPLIST_FILE = "Tinder AppUITests/Info.plist";
				LD_RUNPATH_SEARCH_PATHS = (
					"$(inherited)",
					"@executable_path/Frameworks",
					"@loader_path/Frameworks",
				);
				PRODUCT_BUNDLE_IDENTIFIER = "com.principledKing.Tinder-AppUITests";
				PRODUCT_NAME = "$(TARGET_NAME)";
				SWIFT_VERSION = 5.0;
				TARGETED_DEVICE_FAMILY = "1,2";
				TEST_TARGET_NAME = "Tinder App";
			};
			name = Debug;
		};
		1FC358CF260095F900E4D9C5 /* Release */ = {
			isa = XCBuildConfiguration;
			baseConfigurationReference = FEEC0F15FD9B2E04C0029F3E /* Pods-Tinder AppUITests.release.xcconfig */;
			buildSettings = {
				ALWAYS_EMBED_SWIFT_STANDARD_LIBRARIES = YES;
				CODE_SIGN_STYLE = Automatic;
				INFOPLIST_FILE = "Tinder AppUITests/Info.plist";
				LD_RUNPATH_SEARCH_PATHS = (
					"$(inherited)",
					"@executable_path/Frameworks",
					"@loader_path/Frameworks",
				);
				PRODUCT_BUNDLE_IDENTIFIER = "com.principledKing.Tinder-AppUITests";
				PRODUCT_NAME = "$(TARGET_NAME)";
				SWIFT_VERSION = 5.0;
				TARGETED_DEVICE_FAMILY = "1,2";
				TEST_TARGET_NAME = "Tinder App";
			};
			name = Release;
		};
/* End XCBuildConfiguration section */

/* Begin XCConfigurationList section */
		1FC35898260095F800E4D9C5 /* Build configuration list for PBXProject "Tinder App" */ = {
			isa = XCConfigurationList;
			buildConfigurations = (
				1FC358C5260095F900E4D9C5 /* Debug */,
				1FC358C6260095F900E4D9C5 /* Release */,
			);
			defaultConfigurationIsVisible = 0;
			defaultConfigurationName = Release;
		};
		1FC358C7260095F900E4D9C5 /* Build configuration list for PBXNativeTarget "Tinder App" */ = {
			isa = XCConfigurationList;
			buildConfigurations = (
				1FC358C8260095F900E4D9C5 /* Debug */,
				1FC358C9260095F900E4D9C5 /* Release */,
			);
			defaultConfigurationIsVisible = 0;
			defaultConfigurationName = Release;
		};
		1FC358CA260095F900E4D9C5 /* Build configuration list for PBXNativeTarget "Tinder AppTests" */ = {
			isa = XCConfigurationList;
			buildConfigurations = (
				1FC358CB260095F900E4D9C5 /* Debug */,
				1FC358CC260095F900E4D9C5 /* Release */,
			);
			defaultConfigurationIsVisible = 0;
			defaultConfigurationName = Release;
		};
		1FC358CD260095F900E4D9C5 /* Build configuration list for PBXNativeTarget "Tinder AppUITests" */ = {
			isa = XCConfigurationList;
			buildConfigurations = (
				1FC358CE260095F900E4D9C5 /* Debug */,
				1FC358CF260095F900E4D9C5 /* Release */,
			);
			defaultConfigurationIsVisible = 0;
			defaultConfigurationName = Release;
		};
/* End XCConfigurationList section */
	};
	rootObject = 1FC35895260095F800E4D9C5 /* Project object */;
}
