PODS:
  - IQKeyboardManagerSwift (6.5.6)

DEPENDENCIES:
  - IQKeyboardManagerSwift

SPEC REPOS:
  https://github.com/CocoaPods/Specs.git:
    - IQKeyboardManagerSwift

SPEC CHECKSUMS:
  IQKeyboardManagerSwift: c7df9d2deb356c04522f5c4b7b6e4ce4d8ed94fe

PODFILE CHECKSUM: 6d3397079b6bccf9da46f7af76e2343e09362de0

COCOAPODS: 1.6.1
